
Microsoft Visual Studio Solution File, Format Version 11.00
# Visual Studio 2010
Project("{FAE04EC0-301F-11D3-BF4B-00C04F79EFBC}") = "Tasky", "Tasky.csproj", "{74D62B81-3EE0-4EDD-9F75-A74379B9ACB3}"
EndProject
Global
	GlobalSection(SolutionConfigurationPlatforms) = preSolution
		Debug|x86 = Debug|x86
		Release|x86 = Release|x86
		AppStore|x86 = AppStore|x86
	EndGlobalSection
	GlobalSection(ProjectConfigurationPlatforms) = postSolution
		{74D62B81-3EE0-4EDD-9F75-A74379B9ACB3}.AppStore|x86.ActiveCfg = AppStore|x86
		{74D62B81-3EE0-4EDD-9F75-A74379B9ACB3}.AppStore|x86.Build.0 = AppStore|x86
		{74D62B81-3EE0-4EDD-9F75-A74379B9ACB3}.Debug|x86.ActiveCfg = Debug|x86
		{74D62B81-3EE0-4EDD-9F75-A74379B9ACB3}.Debug|x86.Build.0 = Debug|x86
		{74D62B81-3EE0-4EDD-9F75-A74379B9ACB3}.Release|x86.ActiveCfg = Release|x86
		{74D62B81-3EE0-4EDD-9F75-A74379B9ACB3}.Release|x86.Build.0 = Release|x86
	EndGlobalSection
	GlobalSection(MonoDevelopProperties) = preSolution
		StartupItem = Tasky.csproj
	EndGlobalSection
EndGlobal
